
Microsoft Visual Studio Solution File, Format Version 12.00
# Visual Studio Version 17
VisualStudioVersion = 17.5.002.0
MinimumVisualStudioVersion = 10.0.40219.1
Project("{9A19103F-16F7-4668-BE54-9A1E7A4F7556}") = "MVCWebApp", "MVCWebApp.csproj", "{81B5E8DD-2683-4ECD-9427-AD888518CCE1}"
EndProject
Project("{FAE04EC0-301F-11D3-BF4B-00C04F79EFBC}") = "WebApplication1", "..\..\..\VS Code workspaces\C# projects\огооо\WebApplication1\WebApplication1.csproj", "{D83F9041-836E-4520-A5BF-0399D7C147BE}"
EndProject
Global
	GlobalSection(SolutionConfigurationPlatforms) = preSolution
		Debug|Any CPU = Debug|Any CPU
		Release|Any CPU = Release|Any CPU
	EndGlobalSection
	GlobalSection(ProjectConfigurationPlatforms) = postSolution
		{81B5E8DD-2683-4ECD-9427-AD888518CCE1}.Debug|Any CPU.ActiveCfg = Debug|Any CPU
		{81B5E8DD-2683-4ECD-9427-AD888518CCE1}.Debug|Any CPU.Build.0 = Debug|Any CPU
		{81B5E8DD-2683-4ECD-9427-AD888518CCE1}.Release|Any CPU.ActiveCfg = Release|Any CPU
		{81B5E8DD-2683-4ECD-9427-AD888518CCE1}.Release|Any CPU.Build.0 = Release|Any CPU
		{D83F9041-836E-4520-A5BF-0399D7C147BE}.Debug|Any CPU.ActiveCfg = Debug|Any CPU
		{D83F9041-836E-4520-A5BF-0399D7C147BE}.Debug|Any CPU.Build.0 = Debug|Any CPU
		{D83F9041-836E-4520-A5BF-0399D7C147BE}.Release|Any CPU.ActiveCfg = Release|Any CPU
		{D83F9041-836E-4520-A5BF-0399D7C147BE}.Release|Any CPU.Build.0 = Release|Any CPU
	EndGlobalSection
	GlobalSection(SolutionProperties) = preSolution
		HideSolutionNode = FALSE
	EndGlobalSection
	GlobalSection(ExtensibilityGlobals) = postSolution
		SolutionGuid = {C4BFC30C-EBED-4BA1-8CCB-1070C8810FAC}
	EndGlobalSection
EndGlobal
